
Microsoft Visual Studio Solution File, Format Version 12.00
# Visual Studio Version 17
VisualStudioVersion = 17.7.34024.191
MinimumVisualStudioVersion = 10.0.40219.1
Project("{FAE04EC0-301F-11D3-BF4B-00C04F79EFBC}") = "1. LINQ to Objects", "1. LINQ to Objects\1. LINQ to Objects.csproj", "{60701FD0-2BDD-437F-BC19-2FBA67944E46}"
EndProject
Global
	GlobalSection(SolutionConfigurationPlatforms) = preSolution
		Debug|Any CPU = Debug|Any CPU
		Release|Any CPU = Release|Any CPU
	EndGlobalSection
	GlobalSection(ProjectConfigurationPlatforms) = postSolution
		{60701FD0-2BDD-437F-BC19-2FBA67944E46}.Debug|Any CPU.ActiveCfg = Debug|Any CPU
		{60701FD0-2BDD-437F-BC19-2FBA67944E46}.Debug|Any CPU.Build.0 = Debug|Any CPU
		{60701FD0-2BDD-437F-BC19-2FBA67944E46}.Release|Any CPU.ActiveCfg = Release|Any CPU
		{60701FD0-2BDD-437F-BC19-2FBA67944E46}.Release|Any CPU.Build.0 = Release|Any CPU
	EndGlobalSection
	GlobalSection(SolutionProperties) = preSolution
		HideSolutionNode = FALSE
	EndGlobalSection
	GlobalSection(ExtensibilityGlobals) = postSolution
		SolutionGuid = {34361CD5-8BA0-4961-995F-DFA1E07F687A}
	EndGlobalSection
EndGlobal
